
Microsoft Visual Studio Solution File, Format Version 12.00
# Visual Studio Version 17
VisualStudioVersion = 17.14.36811.4
MinimumVisualStudioVersion = 10.0.40219.1
Project("{FAE04EC0-301F-11D3-BF4B-00C04F79EFBC}") = "ModelLibrary", "ModelLibrary\ModelLibrary.csproj", "{B28A3E7F-F208-4B9E-A3EC-78C4A039AEE6}"
EndProject
Project("{FAE04EC0-301F-11D3-BF4B-00C04F79EFBC}") = "RegressionModelTrainingConsole", "RegressionModelTrainingConsole\RegressionModelTrainingConsole.csproj", "{00E77A7C-F2C9-42B8-BF50-6A272594A5B9}"
EndProject
Project("{FAE04EC0-301F-11D3-BF4B-00C04F79EFBC}") = "SolarEnergyPredictorApp", "SolarEnergyPredictorApp\SolarEnergyPredictorApp.csproj", "{96AFC803-4C4F-433A-A687-B3FD5F79206B}"
EndProject
Global
	GlobalSection(SolutionConfigurationPlatforms) = preSolution
		Debug|Any CPU = Debug|Any CPU
		Release|Any CPU = Release|Any CPU
	EndGlobalSection
	GlobalSection(ProjectConfigurationPlatforms) = postSolution
		{B28A3E7F-F208-4B9E-A3EC-78C4A039AEE6}.Debug|Any CPU.ActiveCfg = Debug|Any CPU
		{B28A3E7F-F208-4B9E-A3EC-78C4A039AEE6}.Debug|Any CPU.Build.0 = Debug|Any CPU
		{B28A3E7F-F208-4B9E-A3EC-78C4A039AEE6}.Release|Any CPU.ActiveCfg = Release|Any CPU
		{B28A3E7F-F208-4B9E-A3EC-78C4A039AEE6}.Release|Any CPU.Build.0 = Release|Any CPU
		{00E77A7C-F2C9-42B8-BF50-6A272594A5B9}.Debug|Any CPU.ActiveCfg = Debug|Any CPU
		{00E77A7C-F2C9-42B8-BF50-6A272594A5B9}.Debug|Any CPU.Build.0 = Debug|Any CPU
		{00E77A7C-F2C9-42B8-BF50-6A272594A5B9}.Release|Any CPU.ActiveCfg = Release|Any CPU
		{00E77A7C-F2C9-42B8-BF50-6A272594A5B9}.Release|Any CPU.Build.0 = Release|Any CPU
		{96AFC803-4C4F-433A-A687-B3FD5F79206B}.Debug|Any CPU.ActiveCfg = Debug|Any CPU
		{96AFC803-4C4F-433A-A687-B3FD5F79206B}.Debug|Any CPU.Build.0 = Debug|Any CPU
		{96AFC803-4C4F-433A-A687-B3FD5F79206B}.Release|Any CPU.ActiveCfg = Release|Any CPU
		{96AFC803-4C4F-433A-A687-B3FD5F79206B}.Release|Any CPU.Build.0 = Release|Any CPU
	EndGlobalSection
	GlobalSection(SolutionProperties) = preSolution
		HideSolutionNode = FALSE
	EndGlobalSection
	GlobalSection(ExtensibilityGlobals) = postSolution
		SolutionGuid = {F04BF183-6F75-4ABE-9710-7302B8E924A3}
	EndGlobalSection
EndGlobal
